
Microsoft Visual Studio Solution File, Format Version 11.00
# Visual Studio 2010
Project("{FAE04EC0-301F-11D3-BF4B-00C04F79EFBC}") = "Smokesignals", "smokesignals\Smokesignals.csproj", "{50EB3698-0D5C-4ED6-824F-55A5ABF5E1B3}"
EndProject
Project("{FAE04EC0-301F-11D3-BF4B-00C04F79EFBC}") = "Smokesignals.MvcExample", "Smokesignals.MvcExample\Smokesignals.MvcExample.csproj", "{C5C7ED09-77E7-4689-86EA-7A2F4082FEC5}"
EndProject
Global
	GlobalSection(SolutionConfigurationPlatforms) = preSolution
		Debug|Any CPU = Debug|Any CPU
		Release|Any CPU = Release|Any CPU
	EndGlobalSection
	GlobalSection(ProjectConfigurationPlatforms) = postSolution
		{50EB3698-0D5C-4ED6-824F-55A5ABF5E1B3}.Debug|Any CPU.ActiveCfg = Debug|Any CPU
		{50EB3698-0D5C-4ED6-824F-55A5ABF5E1B3}.Debug|Any CPU.Build.0 = Debug|Any CPU
		{50EB3698-0D5C-4ED6-824F-55A5ABF5E1B3}.Release|Any CPU.ActiveCfg = Release|Any CPU
		{50EB3698-0D5C-4ED6-824F-55A5ABF5E1B3}.Release|Any CPU.Build.0 = Release|Any CPU
		{C5C7ED09-77E7-4689-86EA-7A2F4082FEC5}.Debug|Any CPU.ActiveCfg = Debug|Any CPU
		{C5C7ED09-77E7-4689-86EA-7A2F4082FEC5}.Debug|Any CPU.Build.0 = Debug|Any CPU
		{C5C7ED09-77E7-4689-86EA-7A2F4082FEC5}.Release|Any CPU.ActiveCfg = Release|Any CPU
		{C5C7ED09-77E7-4689-86EA-7A2F4082FEC5}.Release|Any CPU.Build.0 = Release|Any CPU
	EndGlobalSection
	GlobalSection(SolutionProperties) = preSolution
		HideSolutionNode = FALSE
	EndGlobalSection
EndGlobal
